version = 1
revision = 3
requires-python = ">=3.14"

[[package]]
name = "colorama"
version = "0.4.6"
source = { registry = "https://pypi.org/simple" }
sdist = { url = "https://files.pythonhosted.org/packages/d8/53/6f443c9a4a8358a93a6792e2acffb9d9d5cb0a5cfd8802644b7b1c9a02e4/colorama-0.4.6.tar.gz", hash = "sha256:08695f5cb7ed6e0531a20572697297273c47b8cae5a63ffc6d6ed5c201be6e44", size = 27697, upload-time = "2022-10-25T02:36:22.414Z" }
wheels = [
    { url = "https://files.pythonhosted.org/packages/d1/d6/3965ed04c63042e047cb6a3e6ed1a63a35087b6a609aa3a15ed8ac56c221/colorama-0.4.6-py2.py3-none-any.whl", hash = "sha256:4f1d9991f5acc0ca119f9d443620b77f9d6b33703e51011c16baf57afb285fc6", size = 25335, upload-time = "2022-10-25T02:36:20.889Z" },
]

[[package]]
name = "iniconfig"
version = "2.3.0"
source = { registry = "https://pypi.org/simple" }
sdist = { url = "https://files.pythonhosted.org/packages/72/34/14ca021ce8e5dfedc35312d08ba8bf51fdd999c576889fc2c24cb97f4f10/iniconfig-2.3.0.tar.gz", hash = "sha256:c76315c77db068650d49c5b56314774a7804df16fee4402c1f19d6d15d8c4730", size = 20503, upload-time = "2025-10-18T21:55:43.219Z" }
wheels = [
    { url = "https://files.pythonhosted.org/packages/cb/b1/3846dd7f199d53cb17f49cba7e651e9ce294d8497c8c150530ed11865bb8/iniconfig-2.3.0-py3-none-any.whl", hash = "sha256:f631c04d2c48c52b84d0d0549c99ff3859c98df65b3101406327ecc7d53fbf12", size = 7484, upload-time = "2025-10-18T21:55:41.639Z" },
]

[[package]]
name = "mail-parser-reply"
version = "1.36"
source = { registry = "https://pypi.org/simple" }
sdist = { url = "https://files.pythonhosted.org/packages/9d/8b/fc0eaa365f9509e3761beb933d5964eec3f133225c3d081290a511395464/mail_parser_reply-1.36.tar.gz", hash = "sha256:7f451c583c6c599bc933531a6f783fe4d1a26447ebd40382678417dbb92e100e", size = 14412, upload-time = "2025-12-01T15:15:40.731Z" }
wheels = [
    { url = "https://files.pythonhosted.org/packages/0f/5d/99bd9fb9556c54a66860ead493b9d9d77cc8d7a2c52aa76d995c50b73373/mail_parser_reply-1.36-py3-none-any.whl", hash = "sha256:81395a4d8a0858509c875e6bbb7b004d53d70c7cd92204fe34a9926c55e4ef03", size = 12279, upload-time = "2025-12-01T15:15:39.542Z" },
]

[[package]]
name = "openclaw-workspace-scripts"
version = "0.1.0"
source = { virtual = "." }
dependencies = [
    { name = "mail-parser-reply" },
    { name = "psycopg", extra = ["binary"] },
]

[package.dev-dependencies]
dev = [
    { name = "pytest" },
    { name = "ty" },
]

[package.metadata]
requires-dist = [
    { name = "mail-parser-reply", specifier = ">=1.0" },
    { name = "psycopg", extras = ["binary"], specifier = ">=3.2" },
]

[package.metadata.requires-dev]
dev = [
    { name = "pytest", specifier = ">=8" },
    { name = "ty", specifier = ">=0.0.38" },
]

[[package]]
name = "packaging"
version = "26.2"
source = { registry = "https://pypi.org/simple" }
sdist = { url = "https://files.pythonhosted.org/packages/d7/f1/e7a6dd94a8d4a5626c03e4e99c87f241ba9e350cd9e6d75123f992427270/packaging-26.2.tar.gz", hash = "sha256:ff452ff5a3e828ce110190feff1178bb1f2ea2281fa2075aadb987c2fb221661", size = 228134, upload-time = "2026-04-24T20:15:23.917Z" }
wheels = [
    { url = "https://files.pythonhosted.org/packages/df/b2/87e62e8c3e2f4b32e5fe99e0b86d576da1312593b39f47d8ceef365e95ed/packaging-26.2-py3-none-any.whl", hash = "sha256:5fc45236b9446107ff2415ce77c807cee2862cb6fac22b8a73826d0693b0980e", size = 100195, upload-time = "2026-04-24T20:15:22.081Z" },
]

[[package]]
name = "pluggy"
version = "1.6.0"
source = { registry = "https://pypi.org/simple" }
sdist = { url = "https://files.pythonhosted.org/packages/f9/e2/3e91f31a7d2b083fe6ef3fa267035b518369d9511ffab804f839851d2779/pluggy-1.6.0.tar.gz", hash = "sha256:7dcc130b76258d33b90f61b658791dede3486c3e6bfb003ee5c9bfb396dd22f3", size = 69412, upload-time = "2025-05-15T12:30:07.975Z" }
wheels = [
    { url = "https://files.pythonhosted.org/packages/54/20/4d324d65cc6d9205fabedc306948156824eb9f0ee1633355a8f7ec5c66bf/pluggy-1.6.0-py3-none-any.whl", hash = "sha256:e920276dd6813095e9377c0bc5566d94c932c33b27a3e3945d8389c374dd4746", size = 20538, upload-time = "2025-05-15T12:30:06.134Z" },
]

[[package]]
name = "psycopg"
version = "3.3.4"
source = { registry = "https://pypi.org/simple" }
dependencies = [
    { name = "tzdata", marker = "sys_platform == 'win32'" },
]
sdist = { url = "https://files.pythonhosted.org/packages/db/2f/cb91e5502ec9de1de6f1b76cfbf69531932725361168bb06963620c77e2e/psycopg-3.3.4.tar.gz", hash = "sha256:e21207764952cff81b6b8bdacad9a3939f2793367fdac2987b3aac36a651b5bc", size = 165799, upload-time = "2026-05-01T23:31:55.179Z" }
wheels = [
    { url = "https://files.pythonhosted.org/packages/5c/e0/7b3dee031daae7743609ce3c746565d4a3ed7c2c186479eb48e34e838c64/psycopg-3.3.4-py3-none-any.whl", hash = "sha256:b6bbc25ccf05c8fad3b061d9db2ef0909a555171b84b07f29458a447253d679a", size = 213001, upload-time = "2026-05-01T23:20:50.816Z" },
]

[package.optional-dependencies]
binary = [
    { name = "psycopg-binary", marker = "implementation_name != 'pypy'" },
]

[[package]]
name = "psycopg-binary"
version = "3.3.4"
source = { registry = "https://pypi.org/simple" }
wheels = [
    { url = "https://files.pythonhosted.org/packages/48/a6/828c9185701dab71b234c2a76c38a08b098ebfec5020716b4e93807492b5/psycopg_binary-3.3.4-cp314-cp314-macosx_10_15_x86_64.whl", hash = "sha256:28b7398fdd19db3232c884fb24550bdfe951221f510e195e233299e4c9b78f97", size = 4607292, upload-time = "2026-05-01T23:30:38.962Z" },
    { url = "https://files.pythonhosted.org/packages/92/58/5b40dbc9d839045c9dae956960e4fb6d20bcabe6c59a2aa34fc3a371913f/psycopg_binary-3.3.4-cp314-cp314-macosx_11_0_arm64.whl", hash = "sha256:1fbaa292a3c8bb61b45df1ad3da1908ccee7cb889db9425e3557d9e34e2a4829", size = 4687023, upload-time = "2026-05-01T23:30:47.227Z" },
    { url = "https://files.pythonhosted.org/packages/85/a9/793f0ac107a9003b48441d0d1f9f616d96e0f37458dd8dc12528ceff55fb/psycopg_binary-3.3.4-cp314-cp314-manylinux2014_ppc64le.manylinux_2_17_ppc64le.whl", hash = "sha256:94596f9e7633ee3f6440711d43bb70aa31cc0a46a900ab8b4201a366ace5c9e7", size = 5486985, upload-time = "2026-05-01T23:30:55.517Z" },
    { url = "https://files.pythonhosted.org/packages/8f/26/42e8533497e2592334f68ec529cf5f840f7fa4e99575a4bb61aa184dbfbf/psycopg_binary-3.3.4-cp314-cp314-manylinux2014_x86_64.manylinux_2_17_x86_64.whl", hash = "sha256:8c0056529e68dbe9184cd4019a1f3d8f3a4ead2f6fc7a5afcf27d3314edd1277", size = 5168745, upload-time = "2026-05-01T23:31:01.904Z" },
    { url = "https://files.pythonhosted.org/packages/15/af/b7151776cc08d5935d45c833ec818a9beb417cf7c08239af1aafbdae78ee/psycopg_binary-3.3.4-cp314-cp314-manylinux_2_27_aarch64.manylinux_2_28_aarch64.whl", hash = "sha256:2c09aad7051326e7603c14e50636db9c01f78272dc54b3accff03d46370461e6", size = 6761486, upload-time = "2026-05-01T23:31:14.511Z" },
    { url = "https://files.pythonhosted.org/packages/d0/ed/c92533b9124712d592cbf1cd6c76da933a2e0acea81dfe1fbe7e735f0cff/psycopg_binary-3.3.4-cp314-cp314-manylinux_2_38_riscv64.manylinux_2_39_riscv64.whl", hash = "sha256:514404ed543efd620c85602b747df2a23cf1241b4067199e1a66f2d2757aaa41", size = 4997427, upload-time = "2026-05-01T23:31:20.901Z" },
    { url = "https://files.pythonhosted.org/packages/a2/23/ccadfd0de416aa188356daa199453af24087b042e296088706d190ae0295/psycopg_binary-3.3.4-cp314-cp314-musllinux_1_2_aarch64.whl", hash = "sha256:46893c26858be12cc49ca4226ed6a60b4bfccadd946b3bebb783a60b38788228", size = 4533549, upload-time = "2026-05-01T23:31:26.204Z" },
    { url = "https://files.pythonhosted.org/packages/fd/a0/c8f43cee36386f7bc891ab41a9d31ea07cf9826038e732da79f26b1e5f34/psycopg_binary-3.3.4-cp314-cp314-musllinux_1_2_ppc64le.whl", hash = "sha256:df1d567fc430f6df15c9fcf67d87685fc49bdb325adc0db5af1adfb2f44eb5c9", size = 4210256, upload-time = "2026-05-01T23:31:33.884Z" },
    { url = "https://files.pythonhosted.org/packages/4e/2c/c1547871be3790676e8868b38655496422f94f0978dfb66b74bdba2f1676/psycopg_binary-3.3.4-cp314-cp314-musllinux_1_2_riscv64.whl", hash = "sha256:6b9016b1714da4dd5ecaaa75b82098aa5a0b87854ce9b092e21c27c4ae23e014", size = 3946204, upload-time = "2026-05-01T23:31:39.626Z" },
    { url = "https://files.pythonhosted.org/packages/c4/b1/f6670f00fa7ea601584623f6c11602ab92117d83eaff885e0210f6de7418/psycopg_binary-3.3.4-cp314-cp314-musllinux_1_2_x86_64.whl", hash = "sha256:47c656a8a7ba6eb0cff1801a4caaa9c8bdc12d03080e273aff1c8ac39971a77e", size = 4255811, upload-time = "2026-05-01T23:31:44.986Z" },
    { url = "https://files.pythonhosted.org/packages/eb/e6/5fff07a70d1f945ed90ae131c3bd76cab32beff7c58c6db15ad5820b6d1f/psycopg_binary-3.3.4-cp314-cp314-win_amd64.whl", hash = "sha256:c37e024c07308cd06cf3ec51bfd0e7f6157585a4d84d1bce4a7f5f7913719bf8", size = 3666849, upload-time = "2026-05-01T23:31:51.165Z" },
]

[[package]]
name = "pygments"
version = "2.20.0"
source = { registry = "https://pypi.org/simple" }
sdist = { url = "https://files.pythonhosted.org/packages/c3/b2/bc9c9196916376152d655522fdcebac55e66de6603a76a02bca1b6414f6c/pygments-2.20.0.tar.gz", hash = "sha256:6757cd03768053ff99f3039c1a36d6c0aa0b263438fcab17520b30a303a82b5f", size = 4955991, upload-time = "2026-03-29T13:29:33.898Z" }
wheels = [
    { url = "https://files.pythonhosted.org/packages/f4/7e/a72dd26f3b0f4f2bf1dd8923c85f7ceb43172af56d63c7383eb62b332364/pygments-2.20.0-py3-none-any.whl", hash = "sha256:81a9e26dd42fd28a23a2d169d86d7ac03b46e2f8b59ed4698fb4785f946d0176", size = 1231151, upload-time = "2026-03-29T13:29:30.038Z" },
]

[[package]]
name = "pytest"
version = "9.0.3"
source = { registry = "https://pypi.org/simple" }
dependencies = [
    { name = "colorama", marker = "sys_platform == 'win32'" },
    { name = "iniconfig" },
    { name = "packaging" },
    { name = "pluggy" },
    { name = "pygments" },
]
sdist = { url = "https://files.pythonhosted.org/packages/7d/0d/549bd94f1a0a402dc8cf64563a117c0f3765662e2e668477624baeec44d5/pytest-9.0.3.tar.gz", hash = "sha256:b86ada508af81d19edeb213c681b1d48246c1a91d304c6c81a427674c17eb91c", size = 1572165, upload-time = "2026-04-07T17:16:18.027Z" }
wheels = [
    { url = "https://files.pythonhosted.org/packages/d4/24/a372aaf5c9b7208e7112038812994107bc65a84cd00e0354a88c2c77a617/pytest-9.0.3-py3-none-any.whl", hash = "sha256:2c5efc453d45394fdd706ade797c0a81091eccd1d6e4bccfcd476e2b8e0ab5d9", size = 375249, upload-time = "2026-04-07T17:16:16.13Z" },
]

[[package]]
name = "ty"
version = "0.0.38"
source = { registry = "https://pypi.org/simple" }
sdist = { url = "https://files.pythonhosted.org/packages/33/3b/45be6b37d5060d6917bf7f1f234c00d360fc5f8b7486f8a96af640e25661/ty-0.0.38.tar.gz", hash = "sha256:fbc8d47f7630457669ab41e333dc093897fdb7ead1ffc94dcf8f30b5d39aa56d", size = 5681218, upload-time = "2026-05-20T00:15:32.781Z" }
wheels = [
    { url = "https://files.pythonhosted.org/packages/54/43/ea9b4e57d6a266670dbe34858e92f6093ca054ad1b48f1c82580a72340fb/ty-0.0.38-py3-none-linux_armv6l.whl", hash = "sha256:3501dcf44ca03f813f9cb4fabfdf601adc0ac1337c411405b470530679e37a45", size = 11289326, upload-time = "2026-05-20T00:14:52.371Z" },
    { url = "https://files.pythonhosted.org/packages/5d/ff/24e2f623a1c6b5f5ccf8bf82fccd937033c6a7dba57a4028c7f41270fa4a/ty-0.0.38-py3-none-macosx_10_12_x86_64.whl", hash = "sha256:b34b4094b76252c3e8c90762cdd5e8a9f1101534484745ff4b480f71eb38ac2e", size = 11063047, upload-time = "2026-05-20T00:14:42.832Z" },
    { url = "https://files.pythonhosted.org/packages/e9/41/4f0d910f0acbd20b358eda80a5cd6a8361d27ff5b8e87ab559d3f69f125e/ty-0.0.38-py3-none-macosx_11_0_arm64.whl", hash = "sha256:c518ad33a877677365baab2e21d82cf59ffee789203a15a143f5179ee5a1d3f8", size = 10494436, upload-time = "2026-05-20T00:15:24.425Z" },
    { url = "https://files.pythonhosted.org/packages/69/d8/da06833422082aa98b169a391f9197e2d73865e96c90b6979ac886b890a2/ty-0.0.38-py3-none-manylinux_2_17_aarch64.manylinux2014_aarch64.whl", hash = "sha256:9238494722303eccddc6a27eb647948b694eecd6b974910d13b9e6cd46bbeb6a", size = 11000992, upload-time = "2026-05-20T00:14:58.368Z" },
    { url = "https://files.pythonhosted.org/packages/16/f7/e1172197fb827e6410ca3eb0dc68ef2789f3c70683696f2a0ce5c90764fd/ty-0.0.38-py3-none-manylinux_2_17_armv7l.manylinux2014_armv7l.whl", hash = "sha256:31d91d7336c5d51bf822ac0df512f300584ca4dcca041fc6a6d7df03a8ddbb31", size = 11058583, upload-time = "2026-05-20T00:15:11.314Z" },
    { url = "https://files.pythonhosted.org/packages/5b/61/7fbaf0c05981e006a8804287819c574dff90a6bf8e96efad7226be0700aa/ty-0.0.38-py3-none-manylinux_2_17_i686.manylinux2014_i686.whl", hash = "sha256:65165879814993450710b9349791e4898c65e36b1e14eec554884c06a2f20ff1", size = 11531036, upload-time = "2026-05-20T00:15:14.62Z" },
    { url = "https://files.pythonhosted.org/packages/49/e3/47c0c64e401d50f925df3e52479d4e7626754b2a9e38201d142fdacd6252/ty-0.0.38-py3-none-manylinux_2_17_ppc64le.manylinux2014_ppc64le.whl", hash = "sha256:6d61868b8d1c4033bf8088191de953fed245c2f9e1bb9d2d53e5699170b0924c", size = 12129991, upload-time = "2026-05-20T00:14:39.475Z" },
    { url = "https://files.pythonhosted.org/packages/90/99/2f452d02901bcd7f1b109cf5b848727ce37f372c3406143aa52d1305d40e/ty-0.0.38-py3-none-manylinux_2_17_s390x.manylinux2014_s390x.whl", hash = "sha256:8f9a9175548c98dbff7707865738c07c2b1f8e07a09b8c68101baebb5dac59a4", size = 11756167, upload-time = "2026-05-20T00:15:27.526Z" },
    { url = "https://files.pythonhosted.org/packages/dd/0c/c7e14d111c813e1a20b82e944f1c997c4631a2bb710eaa64fb6b26835e13/ty-0.0.38-py3-none-manylinux_2_17_x86_64.manylinux2014_x86_64.whl", hash = "sha256:375d3a964c6b4aea2e9237fdb5eb9ed03dc43088986a94209a28a4ea3b62001c", size = 11637099, upload-time = "2026-05-20T00:15:21.261Z" },
    { url = "https://files.pythonhosted.org/packages/37/de/ab02659dd1ed62898db7db4d37f9937c80854dd45e95093fa0fe10328d82/ty-0.0.38-py3-none-manylinux_2_31_riscv64.whl", hash = "sha256:cdfd547782c45267aa0b52abad31bd406bf4768c264532ef9e2360cd3c6ce048", size = 11813583, upload-time = "2026-05-20T00:14:45.875Z" },
    { url = "https://files.pythonhosted.org/packages/7e/57/bd1b5ebf4e71a4295484afac0202df1740b0807762b86744b1bef4534984/ty-0.0.38-py3-none-musllinux_1_2_aarch64.whl", hash = "sha256:858bc675b75626470abe4e6c3b3934b853642b04f2ac4d7139fcefea3b48b213", size = 10975405, upload-time = "2026-05-20T00:15:30.354Z" },
    { url = "https://files.pythonhosted.org/packages/e7/55/0305c78711bbd23922cf291996a08ef9544f4179da98e9a75c14e608f379/ty-0.0.38-py3-none-musllinux_1_2_armv7l.whl", hash = "sha256:54be4f00432870da42cd74fe145a3362fd248e22d032c74bd807cb45bf068f94", size = 11097551, upload-time = "2026-05-20T00:14:55.179Z" },
    { url = "https://files.pythonhosted.org/packages/7c/4f/7effe7f9a6ac9719eb7234172c01739c5f888bb47f9acc2ea8da1f4afed3/ty-0.0.38-py3-none-musllinux_1_2_i686.whl", hash = "sha256:494af66a76a86dbf16a3003d3b63b03484aa4c7489dfe11f3ee5413b98b22d60", size = 11214391, upload-time = "2026-05-20T00:15:18.094Z" },
    { url = "https://files.pythonhosted.org/packages/75/cd/d9fdfec3a74a6ad0209fa5e7113ae29d4f457d0651cfbb813b4c6563e0d4/ty-0.0.38-py3-none-musllinux_1_2_x86_64.whl", hash = "sha256:3d92527c4be78a5ce6d32e8bb0aa2a6988d4076eddf1294e56fdaf06d1a98e7e", size = 11730871, upload-time = "2026-05-20T00:14:49.219Z" },
    { url = "https://files.pythonhosted.org/packages/0e/4a/beefade12d109b4f7793d61b04b4478b1ad4d1465a719e7ff55b2d42461a/ty-0.0.38-py3-none-win32.whl", hash = "sha256:36fc5dd5dc09207ff3004b1560a79a3fb8d12456daeec914a7b802a918da654c", size = 10548583, upload-time = "2026-05-20T00:15:07.892Z" },
    { url = "https://files.pythonhosted.org/packages/15/64/941b205e2e46cc2297c245c64aa7691410b7454fa4d07a6cb3cf59487833/ty-0.0.38-py3-none-win_amd64.whl", hash = "sha256:eef0a8956ba14514076b1a963d13eb32986d9ebad7f0527b3cc01cb68bf35147", size = 11650542, upload-time = "2026-05-20T00:15:01.441Z" },
    { url = "https://files.pythonhosted.org/packages/59/02/c1c4f9ec4b94d95190636fa13f79c32f65165fbe3a0503882d4df164d2ac/ty-0.0.38-py3-none-win_arm64.whl", hash = "sha256:79abfc8658a026c30b1c955613437dab3ef4b12feca56a3e6df50903cc39e07f", size = 11010307, upload-time = "2026-05-20T00:15:04.567Z" },
]

[[package]]
name = "tzdata"
version = "2026.2"
source = { registry = "https://pypi.org/simple" }
sdist = { url = "https://files.pythonhosted.org/packages/ba/19/1b9b0e29f30c6d35cb345486df41110984ea67ae69dddbc0e8a100999493/tzdata-2026.2.tar.gz", hash = "sha256:9173fde7d80d9018e02a662e168e5a2d04f87c41ea174b139fbef642eda62d10", size = 198254, upload-time = "2026-04-24T15:22:08.651Z" }
wheels = [
    { url = "https://files.pythonhosted.org/packages/ce/e4/dccd7f47c4b64213ac01ef921a1337ee6e30e8c6466046018326977efd95/tzdata-2026.2-py2.py3-none-any.whl", hash = "sha256:bbe9af844f658da81a5f95019480da3a89415801f6cc966806612cc7169bffe7", size = 349321, upload-time = "2026-04-24T15:22:05.876Z" },
]
